# THIS IS AN AUTOGENERATED FILE. DO NOT EDIT THIS FILE DIRECTLY.
# yarn lockfile v1


"@esbuild/aix-ppc64@0.20.2":
  version "0.20.2"
  resolved "https://pkgs.d.xiaomi.net:443/artifactory/api/npm/mi-npm/@esbuild/aix-ppc64/-/aix-ppc64-0.20.2.tgz#a70f4ac11c6a1dfc18b8bbb13284155d933b9537"
  integrity sha1-pw9KwRxqHfwYuLuxMoQVXZM7lTc=

"@esbuild/android-arm64@0.20.2":
  version "0.20.2"
  resolved "https://pkgs.d.xiaomi.net:443/artifactory/api/npm/mi-npm/@esbuild/android-arm64/-/android-arm64-0.20.2.tgz#db1c9202a5bc92ea04c7b6840f1bbe09ebf9e6b9"
  integrity sha1-2xySAqW8kuoEx7aEDxu+Cev55rk=

"@esbuild/android-arm@0.20.2":
  version "0.20.2"
  resolved "https://pkgs.d.xiaomi.net:443/artifactory/api/npm/mi-npm/@esbuild/android-arm/-/android-arm-0.20.2.tgz#3b488c49aee9d491c2c8f98a909b785870d6e995"
  integrity sha1-O0iMSa7p1JHCyPmKkJt4WHDW6ZU=

"@esbuild/android-x64@0.20.2":
  version "0.20.2"
  resolved "https://pkgs.d.xiaomi.net:443/artifactory/api/npm/mi-npm/@esbuild/android-x64/-/android-x64-0.20.2.tgz#3b1628029e5576249d2b2d766696e50768449f98"
  integrity sha1-OxYoAp5VdiSdKy12ZpblB2hEn5g=

"@esbuild/darwin-arm64@0.20.2":
  version "0.20.2"
  resolved "https://pkgs.d.xiaomi.net:443/artifactory/api/npm/mi-npm/@esbuild/darwin-arm64/-/darwin-arm64-0.20.2.tgz#6e8517a045ddd86ae30c6608c8475ebc0c4000bb"
  integrity sha1-boUXoEXd2GrjDGYIyEdevAxAALs=

"@esbuild/darwin-x64@0.20.2":
  version "0.20.2"
  resolved "https://pkgs.d.xiaomi.net:443/artifactory/api/npm/mi-npm/@esbuild/darwin-x64/-/darwin-x64-0.20.2.tgz#90ed098e1f9dd8a9381695b207e1cff45540a0d0"
  integrity sha1-kO0Jjh+d2Kk4FpWyB+HP9FVAoNA=

"@esbuild/freebsd-arm64@0.20.2":
  version "0.20.2"
  resolved "https://pkgs.d.xiaomi.net:443/artifactory/api/npm/mi-npm/@esbuild/freebsd-arm64/-/freebsd-arm64-0.20.2.tgz#d71502d1ee89a1130327e890364666c760a2a911"
  integrity sha1-1xUC0e6JoRMDJ+iQNkZmx2CiqRE=

"@esbuild/freebsd-x64@0.20.2":
  version "0.20.2"
  resolved "https://pkgs.d.xiaomi.net:443/artifactory/api/npm/mi-npm/@esbuild/freebsd-x64/-/freebsd-x64-0.20.2.tgz#aa5ea58d9c1dd9af688b8b6f63ef0d3d60cea53c"
  integrity sha1-ql6ljZwd2a9oi4tvY+8NPWDOpTw=

"@esbuild/linux-arm64@0.20.2":
  version "0.20.2"
  resolved "https://pkgs.d.xiaomi.net:443/artifactory/api/npm/mi-npm/@esbuild/linux-arm64/-/linux-arm64-0.20.2.tgz#055b63725df678379b0f6db9d0fa85463755b2e5"
  integrity sha1-BVtjcl32eDebD2250PqFRjdVsuU=

"@esbuild/linux-arm@0.20.2":
  version "0.20.2"
  resolved "https://pkgs.d.xiaomi.net:443/artifactory/api/npm/mi-npm/@esbuild/linux-arm/-/linux-arm-0.20.2.tgz#76b3b98cb1f87936fbc37f073efabad49dcd889c"
  integrity sha1-drO5jLH4eTb7w38HPvq61J3NiJw=

"@esbuild/linux-ia32@0.20.2":
  version "0.20.2"
  resolved "https://pkgs.d.xiaomi.net:443/artifactory/api/npm/mi-npm/@esbuild/linux-ia32/-/linux-ia32-0.20.2.tgz#c0e5e787c285264e5dfc7a79f04b8b4eefdad7fa"
  integrity sha1-wOXnh8KFJk5d/Hp58EuLTu/a1/o=

"@esbuild/linux-loong64@0.20.2":
  version "0.20.2"
  resolved "https://pkgs.d.xiaomi.net:443/artifactory/api/npm/mi-npm/@esbuild/linux-loong64/-/linux-loong64-0.20.2.tgz#a6184e62bd7cdc63e0c0448b83801001653219c5"
  integrity sha1-phhOYr183GPgwESLg4AQAWUyGcU=

"@esbuild/linux-mips64el@0.20.2":
  version "0.20.2"
  resolved "https://pkgs.d.xiaomi.net:443/artifactory/api/npm/mi-npm/@esbuild/linux-mips64el/-/linux-mips64el-0.20.2.tgz#d08e39ce86f45ef8fc88549d29c62b8acf5649aa"
  integrity sha1-0I45zob0Xvj8iFSdKcYris9WSao=

"@esbuild/linux-ppc64@0.20.2":
  version "0.20.2"
  resolved "https://pkgs.d.xiaomi.net:443/artifactory/api/npm/mi-npm/@esbuild/linux-ppc64/-/linux-ppc64-0.20.2.tgz#8d252f0b7756ffd6d1cbde5ea67ff8fd20437f20"
  integrity sha1-jSUvC3dW/9bRy95epn/4/SBDfyA=

"@esbuild/linux-riscv64@0.20.2":
  version "0.20.2"
  resolved "https://pkgs.d.xiaomi.net:443/artifactory/api/npm/mi-npm/@esbuild/linux-riscv64/-/linux-riscv64-0.20.2.tgz#19f6dcdb14409dae607f66ca1181dd4e9db81300"
  integrity sha1-Gfbc2xRAna5gf2bKEYHdTp24EwA=

"@esbuild/linux-s390x@0.20.2":
  version "0.20.2"
  resolved "https://pkgs.d.xiaomi.net:443/artifactory/api/npm/mi-npm/@esbuild/linux-s390x/-/linux-s390x-0.20.2.tgz#3c830c90f1a5d7dd1473d5595ea4ebb920988685"
  integrity sha1-PIMMkPGl190Uc9VZXqTruSCYhoU=

"@esbuild/linux-x64@0.20.2":
  version "0.20.2"
  resolved "https://pkgs.d.xiaomi.net:443/artifactory/api/npm/mi-npm/@esbuild/linux-x64/-/linux-x64-0.20.2.tgz#86eca35203afc0d9de0694c64ec0ab0a378f6fff"
  integrity sha1-huyjUgOvwNneBpTGTsCrCjePb/8=

"@esbuild/netbsd-x64@0.20.2":
  version "0.20.2"
  resolved "https://pkgs.d.xiaomi.net:443/artifactory/api/npm/mi-npm/@esbuild/netbsd-x64/-/netbsd-x64-0.20.2.tgz#e771c8eb0e0f6e1877ffd4220036b98aed5915e6"
  integrity sha1-53HI6w4Pbhh3/9QiADa5iu1ZFeY=

"@esbuild/openbsd-x64@0.20.2":
  version "0.20.2"
  resolved "https://pkgs.d.xiaomi.net:443/artifactory/api/npm/mi-npm/@esbuild/openbsd-x64/-/openbsd-x64-0.20.2.tgz#9a795ae4b4e37e674f0f4d716f3e226dd7c39baf"
  integrity sha1-mnla5LTjfmdPD01xbz4ibdfDm68=

"@esbuild/sunos-x64@0.20.2":
  version "0.20.2"
  resolved "https://pkgs.d.xiaomi.net:443/artifactory/api/npm/mi-npm/@esbuild/sunos-x64/-/sunos-x64-0.20.2.tgz#7df23b61a497b8ac189def6e25a95673caedb03f"
  integrity sha1-ffI7YaSXuKwYne9uJalWc8rtsD8=

"@esbuild/win32-arm64@0.20.2":
  version "0.20.2"
  resolved "https://pkgs.d.xiaomi.net:443/artifactory/api/npm/mi-npm/@esbuild/win32-arm64/-/win32-arm64-0.20.2.tgz#f1ae5abf9ca052ae11c1bc806fb4c0f519bacf90"
  integrity sha1-8a5av5ygUq4RwbyAb7TA9Rm6z5A=

"@esbuild/win32-ia32@0.20.2":
  version "0.20.2"
  resolved "https://pkgs.d.xiaomi.net:443/artifactory/api/npm/mi-npm/@esbuild/win32-ia32/-/win32-ia32-0.20.2.tgz#241fe62c34d8e8461cd708277813e1d0ba55ce23"
  integrity sha1-JB/mLDTY6EYc1wgneBPh0LpVziM=

"@esbuild/win32-x64@0.20.2":
  version "0.20.2"
  resolved "https://pkgs.d.xiaomi.net:443/artifactory/api/npm/mi-npm/@esbuild/win32-x64/-/win32-x64-0.20.2.tgz#9c907b21e30a52db959ba4f80bb01a0cc403d5cc"
  integrity sha1-nJB7IeMKUtuVm6T4C7AaDMQD1cw=

"@rollup/rollup-android-arm-eabi@4.13.0":
  version "4.13.0"
  resolved "https://pkgs.d.xiaomi.net:443/artifactory/api/npm/mi-npm/@rollup/rollup-android-arm-eabi/-/rollup-android-arm-eabi-4.13.0.tgz#b98786c1304b4ff8db3a873180b778649b5dff2b"
  integrity sha1-uYeGwTBLT/jbOocxgLd4ZJtd/ys=

"@rollup/rollup-android-arm64@4.13.0":
  version "4.13.0"
  resolved "https://pkgs.d.xiaomi.net:443/artifactory/api/npm/mi-npm/@rollup/rollup-android-arm64/-/rollup-android-arm64-4.13.0.tgz#8833679af11172b1bf1ab7cb3bad84df4caf0c9e"
  integrity sha1-iDNnmvERcrG/GrfLO62E30yvDJ4=

"@rollup/rollup-darwin-arm64@4.13.0":
  version "4.13.0"
  resolved "https://pkgs.d.xiaomi.net:443/artifactory/api/npm/mi-npm/@rollup/rollup-darwin-arm64/-/rollup-darwin-arm64-4.13.0.tgz#ef02d73e0a95d406e0eb4fd61a53d5d17775659b"
  integrity sha1-7wLXPgqV1Abg60/WGlPV0Xd1ZZs=

"@rollup/rollup-darwin-x64@4.13.0":
  version "4.13.0"
  resolved "https://pkgs.d.xiaomi.net:443/artifactory/api/npm/mi-npm/@rollup/rollup-darwin-x64/-/rollup-darwin-x64-4.13.0.tgz#3ce5b9bcf92b3341a5c1c58a3e6bcce0ea9e7455"
  integrity sha1-POW5vPkrM0GlwcWKPmvM4OqedFU=

"@rollup/rollup-linux-arm-gnueabihf@4.13.0":
  version "4.13.0"
  resolved "https://pkgs.d.xiaomi.net:443/artifactory/api/npm/mi-npm/@rollup/rollup-linux-arm-gnueabihf/-/rollup-linux-arm-gnueabihf-4.13.0.tgz#3d3d2c018bdd8e037c6bfedd52acfff1c97e4be4"
  integrity sha1-PT0sAYvdjgN8a/7dUqz/8cl+S+Q=

"@rollup/rollup-linux-arm64-gnu@4.13.0":
  version "4.13.0"
  resolved "https://pkgs.d.xiaomi.net:443/artifactory/api/npm/mi-npm/@rollup/rollup-linux-arm64-gnu/-/rollup-linux-arm64-gnu-4.13.0.tgz#5fc8cc978ff396eaa136d7bfe05b5b9138064143"
  integrity sha1-X8jMl4/zluqhNte/4FtbkTgGQUM=

"@rollup/rollup-linux-arm64-musl@4.13.0":
  version "4.13.0"
  resolved "https://pkgs.d.xiaomi.net:443/artifactory/api/npm/mi-npm/@rollup/rollup-linux-arm64-musl/-/rollup-linux-arm64-musl-4.13.0.tgz#f2ae7d7bed416ffa26d6b948ac5772b520700eef"
  integrity sha1-8q59e+1Bb/om1rlIrFdytSBwDu8=

"@rollup/rollup-linux-riscv64-gnu@4.13.0":
  version "4.13.0"
  resolved "https://pkgs.d.xiaomi.net:443/artifactory/api/npm/mi-npm/@rollup/rollup-linux-riscv64-gnu/-/rollup-linux-riscv64-gnu-4.13.0.tgz#303d57a328ee9a50c85385936f31cf62306d30b6"
  integrity sha1-MD1XoyjumlDIU4WTbzHPYjBtMLY=

"@rollup/rollup-linux-x64-gnu@4.13.0":
  version "4.13.0"
  resolved "https://pkgs.d.xiaomi.net:443/artifactory/api/npm/mi-npm/@rollup/rollup-linux-x64-gnu/-/rollup-linux-x64-gnu-4.13.0.tgz#f672f6508f090fc73f08ba40ff76c20b57424778"
  integrity sha1-9nL2UI8JD8c/CLpA/3bCC1dCR3g=

"@rollup/rollup-linux-x64-musl@4.13.0":
  version "4.13.0"
  resolved "https://pkgs.d.xiaomi.net:443/artifactory/api/npm/mi-npm/@rollup/rollup-linux-x64-musl/-/rollup-linux-x64-musl-4.13.0.tgz#d2f34b1b157f3e7f13925bca3288192a66755a89"
  integrity sha1-0vNLGxV/Pn8TklvKMogZKmZ1Wok=

"@rollup/rollup-win32-arm64-msvc@4.13.0":
  version "4.13.0"
  resolved "https://pkgs.d.xiaomi.net:443/artifactory/api/npm/mi-npm/@rollup/rollup-win32-arm64-msvc/-/rollup-win32-arm64-msvc-4.13.0.tgz#8ffecc980ae4d9899eb2f9c4ae471a8d58d2da6b"
  integrity sha1-j/7MmArk2YmesvnErkcajVjS2ms=

"@rollup/rollup-win32-ia32-msvc@4.13.0":
  version "4.13.0"
  resolved "https://pkgs.d.xiaomi.net:443/artifactory/api/npm/mi-npm/@rollup/rollup-win32-ia32-msvc/-/rollup-win32-ia32-msvc-4.13.0.tgz#a7505884f415662e088365b9218b2b03a88fc6f2"
  integrity sha1-p1BYhPQVZi4Ig2W5IYsrA6iPxvI=

"@rollup/rollup-win32-x64-msvc@4.13.0":
  version "4.13.0"
  resolved "https://pkgs.d.xiaomi.net:443/artifactory/api/npm/mi-npm/@rollup/rollup-win32-x64-msvc/-/rollup-win32-x64-msvc-4.13.0.tgz#6abd79db7ff8d01a58865ba20a63cfd23d9e2a10"
  integrity sha1-ar1523/40BpYhluiCmPP0j2eKhA=

"@types/estree@1.0.5":
  version "1.0.5"
  resolved "https://pkgs.d.xiaomi.net:443/artifactory/api/npm/mi-npm/@types/estree/-/estree-1.0.5.tgz#a6ce3e556e00fd9895dd872dd172ad0d4bd687f4"
  integrity sha1-ps4+VW4A/ZiV3Yct0XKtDUvWh/Q=

esbuild@^0.20.1:
  version "0.20.2"
  resolved "https://pkgs.d.xiaomi.net:443/artifactory/api/npm/mi-npm/esbuild/-/esbuild-0.20.2.tgz#9d6b2386561766ee6b5a55196c6d766d28c87ea1"
  integrity sha1-nWsjhlYXZu5rWlUZbG12bSjIfqE=
  optionalDependencies:
    "@esbuild/aix-ppc64" "0.20.2"
    "@esbuild/android-arm" "0.20.2"
    "@esbuild/android-arm64" "0.20.2"
    "@esbuild/android-x64" "0.20.2"
    "@esbuild/darwin-arm64" "0.20.2"
    "@esbuild/darwin-x64" "0.20.2"
    "@esbuild/freebsd-arm64" "0.20.2"
    "@esbuild/freebsd-x64" "0.20.2"
    "@esbuild/linux-arm" "0.20.2"
    "@esbuild/linux-arm64" "0.20.2"
    "@esbuild/linux-ia32" "0.20.2"
    "@esbuild/linux-loong64" "0.20.2"
    "@esbuild/linux-mips64el" "0.20.2"
    "@esbuild/linux-ppc64" "0.20.2"
    "@esbuild/linux-riscv64" "0.20.2"
    "@esbuild/linux-s390x" "0.20.2"
    "@esbuild/linux-x64" "0.20.2"
    "@esbuild/netbsd-x64" "0.20.2"
    "@esbuild/openbsd-x64" "0.20.2"
    "@esbuild/sunos-x64" "0.20.2"
    "@esbuild/win32-arm64" "0.20.2"
    "@esbuild/win32-ia32" "0.20.2"
    "@esbuild/win32-x64" "0.20.2"

fsevents@~2.3.2, fsevents@~2.3.3:
  version "2.3.3"
  resolved "https://pkgs.d.xiaomi.net:443/artifactory/api/npm/mi-npm/fsevents/-/fsevents-2.3.3.tgz#cac6407785d03675a2a5e1a5305c697b347d90d6"
  integrity sha1-ysZAd4XQNnWipeGlMFxpezR9kNY=

nanoid@^3.3.7:
  version "3.3.7"
  resolved "https://pkgs.d.xiaomi.net:443/artifactory/api/npm/mi-npm/nanoid/-/nanoid-3.3.7.tgz#d0c301a691bc8d54efa0a2226ccf3fe2fd656bd8"
  integrity sha1-0MMBppG8jVTvoKIibM8/4v1la9g=

picocolors@^1.0.0:
  version "1.0.0"
  resolved "https://pkgs.d.xiaomi.net:443/artifactory/api/npm/mi-npm/picocolors/-/picocolors-1.0.0.tgz#cb5bdc74ff3f51892236eaf79d68bc44564ab81c"
  integrity sha1-y1vcdP8/UYkiNur3nWi8RFZKuBw=

postcss@^8.4.36:
  version "8.4.38"
  resolved "https://pkgs.d.xiaomi.net:443/artifactory/api/npm/mi-npm/postcss/-/postcss-8.4.38.tgz#b387d533baf2054288e337066d81c6bee9db9e0e"
  integrity sha1-s4fVM7ryBUKI4zcGbYHGvunbng4=
  dependencies:
    nanoid "^3.3.7"
    picocolors "^1.0.0"
    source-map-js "^1.2.0"

rollup@^4.13.0:
  version "4.13.0"
  resolved "https://pkgs.d.xiaomi.net:443/artifactory/api/npm/mi-npm/rollup/-/rollup-4.13.0.tgz#dd2ae144b4cdc2ea25420477f68d4937a721237a"
  integrity sha1-3SrhRLTNwuolQgR39o1JN6chI3o=
  dependencies:
    "@types/estree" "1.0.5"
  optionalDependencies:
    "@rollup/rollup-android-arm-eabi" "4.13.0"
    "@rollup/rollup-android-arm64" "4.13.0"
    "@rollup/rollup-darwin-arm64" "4.13.0"
    "@rollup/rollup-darwin-x64" "4.13.0"
    "@rollup/rollup-linux-arm-gnueabihf" "4.13.0"
    "@rollup/rollup-linux-arm64-gnu" "4.13.0"
    "@rollup/rollup-linux-arm64-musl" "4.13.0"
    "@rollup/rollup-linux-riscv64-gnu" "4.13.0"
    "@rollup/rollup-linux-x64-gnu" "4.13.0"
    "@rollup/rollup-linux-x64-musl" "4.13.0"
    "@rollup/rollup-win32-arm64-msvc" "4.13.0"
    "@rollup/rollup-win32-ia32-msvc" "4.13.0"
    "@rollup/rollup-win32-x64-msvc" "4.13.0"
    fsevents "~2.3.2"

source-map-js@^1.2.0:
  version "1.2.0"
  resolved "https://pkgs.d.xiaomi.net:443/artifactory/api/npm/mi-npm/source-map-js/-/source-map-js-1.2.0.tgz#16b809c162517b5b8c3e7dcd315a2a5c2612b2af"
  integrity sha1-FrgJwWJRe1uMPn3NMVoqXCYSsq8=

vite@^5.2.6:
  version "5.2.6"
  resolved "https://pkgs.d.xiaomi.net:443/artifactory/api/npm/mi-npm/vite/-/vite-5.2.6.tgz#fc2ce309e0b4871e938cb0aca3b96c422c01f222"
  integrity sha1-/CzjCeC0hx6TjLCso7lsQiwB8iI=
  dependencies:
    esbuild "^0.20.1"
    postcss "^8.4.36"
    rollup "^4.13.0"
  optionalDependencies:
    fsevents "~2.3.3"
